
Microsoft Visual Studio Solution File, Format Version 12.00
# Visual Studio 14
VisualStudioVersion = 14.0.24720.0
MinimumVisualStudioVersion = 10.0.40219.1
Project("{8BC9CEB8-8B4A-11D0-8D11-00A0C91BC942}") = "160202", "160202\160202.vcxproj", "{A1433FD7-4A47-4B45-B962-313937F3AF7E}"
EndProject
Project("{8BC9CEB8-8B4A-11D0-8D11-00A0C91BC942}") = "160203", "160203\160203.vcxproj", "{ACF538A1-F836-4F14-9004-01A884CAD071}"
EndProject
Project("{8BC9CEB8-8B4A-11D0-8D11-00A0C91BC942}") = "160204", "160204\160204.vcxproj", "{18A119AE-A35E-4500-A82F-0296EDF23F7E}"
EndProject
Project("{8BC9CEB8-8B4A-11D0-8D11-00A0C91BC942}") = "160205", "160205\160205.vcxproj", "{6FA5BF45-02DA-4E74-ABDB-8FCD319F285A}"
EndProject
Project("{8BC9CEB8-8B4A-11D0-8D11-00A0C91BC942}") = "160211", "160211\160211.vcxproj", "{BF5B7226-46EA-433D-BCCC-C3188660B5F4}"
EndProject
Project("{8BC9CEB8-8B4A-11D0-8D11-00A0C91BC942}") = "160212_1", "160212_1\160212_1.vcxproj", "{ACCE800E-DF82-4AE5-99D4-8DE01F27031F}"
EndProject
Project("{8BC9CEB8-8B4A-11D0-8D11-00A0C91BC942}") = "160212_2", "160212_2\160212_2.vcxproj", "{609E9E8A-15CF-499C-B044-CB5B9A9A9550}"
EndProject
Project("{8BC9CEB8-8B4A-11D0-8D11-00A0C91BC942}") = "160212_3", "160212_3\160212_3.vcxproj", "{1F8B0170-4365-4AD1-9598-5F423AC250A7}"
EndProject
Project("{8BC9CEB8-8B4A-11D0-8D11-00A0C91BC942}") = "160212_4", "160212_4\160212_4.vcxproj", "{59F31464-F381-48F5-9C3E-E3119B055FF3}"
EndProject
Project("{8BC9CEB8-8B4A-11D0-8D11-00A0C91BC942}") = "160215", "160215\160215.vcxproj", "{E34426E9-AD38-4232-876A-2C579C11004D}"
EndProject
Project("{8BC9CEB8-8B4A-11D0-8D11-00A0C91BC942}") = "160216", "160216\160216.vcxproj", "{58E88661-143F-494D-A5B9-7ADEF67B4D4D}"
EndProject
Project("{8BC9CEB8-8B4A-11D0-8D11-00A0C91BC942}") = "160219", "160219\160219.vcxproj", "{3B120191-C1C2-4EC2-9409-0BFD1A4FC6D4}"
EndProject
Project("{8BC9CEB8-8B4A-11D0-8D11-00A0C91BC942}") = "160222", "160222\160222.vcxproj", "{2D306186-C337-4C97-AC51-160EE4080A43}"
EndProject
Project("{8BC9CEB8-8B4A-11D0-8D11-00A0C91BC942}") = "160223", "160223\160223.vcxproj", "{AAE03520-F913-4628-9397-6592404C4B59}"
EndProject
Global
	GlobalSection(SolutionConfigurationPlatforms) = preSolution
		Debug|x64 = Debug|x64
		Debug|x86 = Debug|x86
		Release|x64 = Release|x64
		Release|x86 = Release|x86
	EndGlobalSection
	GlobalSection(ProjectConfigurationPlatforms) = postSolution
		{A1433FD7-4A47-4B45-B962-313937F3AF7E}.Debug|x64.ActiveCfg = Debug|x64
		{A1433FD7-4A47-4B45-B962-313937F3AF7E}.Debug|x64.Build.0 = Debug|x64
		{A1433FD7-4A47-4B45-B962-313937F3AF7E}.Debug|x86.ActiveCfg = Debug|Win32
		{A1433FD7-4A47-4B45-B962-313937F3AF7E}.Debug|x86.Build.0 = Debug|Win32
		{A1433FD7-4A47-4B45-B962-313937F3AF7E}.Release|x64.ActiveCfg = Release|x64
		{A1433FD7-4A47-4B45-B962-313937F3AF7E}.Release|x64.Build.0 = Release|x64
		{A1433FD7-4A47-4B45-B962-313937F3AF7E}.Release|x86.ActiveCfg = Release|Win32
		{A1433FD7-4A47-4B45-B962-313937F3AF7E}.Release|x86.Build.0 = Release|Win32
		{ACF538A1-F836-4F14-9004-01A884CAD071}.Debug|x64.ActiveCfg = Debug|x64
		{ACF538A1-F836-4F14-9004-01A884CAD071}.Debug|x64.Build.0 = Debug|x64
		{ACF538A1-F836-4F14-9004-01A884CAD071}.Debug|x86.ActiveCfg = Debug|Win32
		{ACF538A1-F836-4F14-9004-01A884CAD071}.Debug|x86.Build.0 = Debug|Win32
		{ACF538A1-F836-4F14-9004-01A884CAD071}.Release|x64.ActiveCfg = Release|x64
		{ACF538A1-F836-4F14-9004-01A884CAD071}.Release|x64.Build.0 = Release|x64
		{ACF538A1-F836-4F14-9004-01A884CAD071}.Release|x86.ActiveCfg = Release|Win32
		{ACF538A1-F836-4F14-9004-01A884CAD071}.Release|x86.Build.0 = Release|Win32
		{18A119AE-A35E-4500-A82F-0296EDF23F7E}.Debug|x64.ActiveCfg = Debug|x64
		{18A119AE-A35E-4500-A82F-0296EDF23F7E}.Debug|x64.Build.0 = Debug|x64
		{18A119AE-A35E-4500-A82F-0296EDF23F7E}.Debug|x86.ActiveCfg = Debug|Win32
		{18A119AE-A35E-4500-A82F-0296EDF23F7E}.Debug|x86.Build.0 = Debug|Win32
		{18A119AE-A35E-4500-A82F-0296EDF23F7E}.Release|x64.ActiveCfg = Release|x64
		{18A119AE-A35E-4500-A82F-0296EDF23F7E}.Release|x64.Build.0 = Release|x64
		{18A119AE-A35E-4500-A82F-0296EDF23F7E}.Release|x86.ActiveCfg = Release|Win32
		{18A119AE-A35E-4500-A82F-0296EDF23F7E}.Release|x86.Build.0 = Release|Win32
		{6FA5BF45-02DA-4E74-ABDB-8FCD319F285A}.Debug|x64.ActiveCfg = Debug|x64
		{6FA5BF45-02DA-4E74-ABDB-8FCD319F285A}.Debug|x64.Build.0 = Debug|x64
		{6FA5BF45-02DA-4E74-ABDB-8FCD319F285A}.Debug|x86.ActiveCfg = Debug|Win32
		{6FA5BF45-02DA-4E74-ABDB-8FCD319F285A}.Debug|x86.Build.0 = Debug|Win32
		{6FA5BF45-02DA-4E74-ABDB-8FCD319F285A}.Release|x64.ActiveCfg = Release|x64
		{6FA5BF45-02DA-4E74-ABDB-8FCD319F285A}.Release|x64.Build.0 = Release|x64
		{6FA5BF45-02DA-4E74-ABDB-8FCD319F285A}.Release|x86.ActiveCfg = Release|Win32
		{6FA5BF45-02DA-4E74-ABDB-8FCD319F285A}.Release|x86.Build.0 = Release|Win32
		{BF5B7226-46EA-433D-BCCC-C3188660B5F4}.Debug|x64.ActiveCfg = Debug|x64
		{BF5B7226-46EA-433D-BCCC-C3188660B5F4}.Debug|x64.Build.0 = Debug|x64
		{BF5B7226-46EA-433D-BCCC-C3188660B5F4}.Debug|x86.ActiveCfg = Debug|Win32
		{BF5B7226-46EA-433D-BCCC-C3188660B5F4}.Debug|x86.Build.0 = Debug|Win32
		{BF5B7226-46EA-433D-BCCC-C3188660B5F4}.Release|x64.ActiveCfg = Release|x64
		{BF5B7226-46EA-433D-BCCC-C3188660B5F4}.Release|x64.Build.0 = Release|x64
		{BF5B7226-46EA-433D-BCCC-C3188660B5F4}.Release|x86.ActiveCfg = Release|Win32
		{BF5B7226-46EA-433D-BCCC-C3188660B5F4}.Release|x86.Build.0 = Release|Win32
		{ACCE800E-DF82-4AE5-99D4-8DE01F27031F}.Debug|x64.ActiveCfg = Debug|x64
		{ACCE800E-DF82-4AE5-99D4-8DE01F27031F}.Debug|x64.Build.0 = Debug|x64
		{ACCE800E-DF82-4AE5-99D4-8DE01F27031F}.Debug|x86.ActiveCfg = Debug|Win32
		{ACCE800E-DF82-4AE5-99D4-8DE01F27031F}.Debug|x86.Build.0 = Debug|Win32
		{ACCE800E-DF82-4AE5-99D4-8DE01F27031F}.Release|x64.ActiveCfg = Release|x64
		{ACCE800E-DF82-4AE5-99D4-8DE01F27031F}.Release|x64.Build.0 = Release|x64
		{ACCE800E-DF82-4AE5-99D4-8DE01F27031F}.Release|x86.ActiveCfg = Release|Win32
		{ACCE800E-DF82-4AE5-99D4-8DE01F27031F}.Release|x86.Build.0 = Release|Win32
		{609E9E8A-15CF-499C-B044-CB5B9A9A9550}.Debug|x64.ActiveCfg = Debug|x64
		{609E9E8A-15CF-499C-B044-CB5B9A9A9550}.Debug|x64.Build.0 = Debug|x64
		{609E9E8A-15CF-499C-B044-CB5B9A9A9550}.Debug|x86.ActiveCfg = Debug|Win32
		{609E9E8A-15CF-499C-B044-CB5B9A9A9550}.Debug|x86.Build.0 = Debug|Win32
		{609E9E8A-15CF-499C-B044-CB5B9A9A9550}.Release|x64.ActiveCfg = Release|x64
		{609E9E8A-15CF-499C-B044-CB5B9A9A9550}.Release|x64.Build.0 = Release|x64
		{609E9E8A-15CF-499C-B044-CB5B9A9A9550}.Release|x86.ActiveCfg = Release|Win32
		{609E9E8A-15CF-499C-B044-CB5B9A9A9550}.Release|x86.Build.0 = Release|Win32
		{1F8B0170-4365-4AD1-9598-5F423AC250A7}.Debug|x64.ActiveCfg = Debug|x64
		{1F8B0170-4365-4AD1-9598-5F423AC250A7}.Debug|x64.Build.0 = Debug|x64
		{1F8B0170-4365-4AD1-9598-5F423AC250A7}.Debug|x86.ActiveCfg = Debug|Win32
		{1F8B0170-4365-4AD1-9598-5F423AC250A7}.Debug|x86.Build.0 = Debug|Win32
		{1F8B0170-4365-4AD1-9598-5F423AC250A7}.Release|x64.ActiveCfg = Release|x64
		{1F8B0170-4365-4AD1-9598-5F423AC250A7}.Release|x64.Build.0 = Release|x64
		{1F8B0170-4365-4AD1-9598-5F423AC250A7}.Release|x86.ActiveCfg = Release|Win32
		{1F8B0170-4365-4AD1-9598-5F423AC250A7}.Release|x86.Build.0 = Release|Win32
		{59F31464-F381-48F5-9C3E-E3119B055FF3}.Debug|x64.ActiveCfg = Debug|x64
		{59F31464-F381-48F5-9C3E-E3119B055FF3}.Debug|x64.Build.0 = Debug|x64
		{59F31464-F381-48F5-9C3E-E3119B055FF3}.Debug|x86.ActiveCfg = Debug|Win32
		{59F31464-F381-48F5-9C3E-E3119B055FF3}.Debug|x86.Build.0 = Debug|Win32
		{59F31464-F381-48F5-9C3E-E3119B055FF3}.Release|x64.ActiveCfg = Release|x64
		{59F31464-F381-48F5-9C3E-E3119B055FF3}.Release|x64.Build.0 = Release|x64
		{59F31464-F381-48F5-9C3E-E3119B055FF3}.Release|x86.ActiveCfg = Release|Win32
		{59F31464-F381-48F5-9C3E-E3119B055FF3}.Release|x86.Build.0 = Release|Win32
		{E34426E9-AD38-4232-876A-2C579C11004D}.Debug|x64.ActiveCfg = Debug|x64
		{E34426E9-AD38-4232-876A-2C579C11004D}.Debug|x64.Build.0 = Debug|x64
		{E34426E9-AD38-4232-876A-2C579C11004D}.Debug|x86.ActiveCfg = Debug|Win32
		{E34426E9-AD38-4232-876A-2C579C11004D}.Debug|x86.Build.0 = Debug|Win32
		{E34426E9-AD38-4232-876A-2C579C11004D}.Release|x64.ActiveCfg = Release|x64
		{E34426E9-AD38-4232-876A-2C579C11004D}.Release|x64.Build.0 = Release|x64
		{E34426E9-AD38-4232-876A-2C579C11004D}.Release|x86.ActiveCfg = Release|Win32
		{E34426E9-AD38-4232-876A-2C579C11004D}.Release|x86.Build.0 = Release|Win32
		{58E88661-143F-494D-A5B9-7ADEF67B4D4D}.Debug|x64.ActiveCfg = Debug|x64
		{58E88661-143F-494D-A5B9-7ADEF67B4D4D}.Debug|x64.Build.0 = Debug|x64
		{58E88661-143F-494D-A5B9-7ADEF67B4D4D}.Debug|x86.ActiveCfg = Debug|Win32
		{58E88661-143F-494D-A5B9-7ADEF67B4D4D}.Debug|x86.Build.0 = Debug|Win32
		{58E88661-143F-494D-A5B9-7ADEF67B4D4D}.Release|x64.ActiveCfg = Release|x64
		{58E88661-143F-494D-A5B9-7ADEF67B4D4D}.Release|x64.Build.0 = Release|x64
		{58E88661-143F-494D-A5B9-7ADEF67B4D4D}.Release|x86.ActiveCfg = Release|Win32
		{58E88661-143F-494D-A5B9-7ADEF67B4D4D}.Release|x86.Build.0 = Release|Win32
		{3B120191-C1C2-4EC2-9409-0BFD1A4FC6D4}.Debug|x64.ActiveCfg = Debug|x64
		{3B120191-C1C2-4EC2-9409-0BFD1A4FC6D4}.Debug|x64.Build.0 = Debug|x64
		{3B120191-C1C2-4EC2-9409-0BFD1A4FC6D4}.Debug|x86.ActiveCfg = Debug|Win32
		{3B120191-C1C2-4EC2-9409-0BFD1A4FC6D4}.Debug|x86.Build.0 = Debug|Win32
		{3B120191-C1C2-4EC2-9409-0BFD1A4FC6D4}.Release|x64.ActiveCfg = Release|x64
		{3B120191-C1C2-4EC2-9409-0BFD1A4FC6D4}.Release|x64.Build.0 = Release|x64
		{3B120191-C1C2-4EC2-9409-0BFD1A4FC6D4}.Release|x86.ActiveCfg = Release|Win32
		{3B120191-C1C2-4EC2-9409-0BFD1A4FC6D4}.Release|x86.Build.0 = Release|Win32
		{2D306186-C337-4C97-AC51-160EE4080A43}.Debug|x64.ActiveCfg = Debug|x64
		{2D306186-C337-4C97-AC51-160EE4080A43}.Debug|x64.Build.0 = Debug|x64
		{2D306186-C337-4C97-AC51-160EE4080A43}.Debug|x86.ActiveCfg = Debug|Win32
		{2D306186-C337-4C97-AC51-160EE4080A43}.Debug|x86.Build.0 = Debug|Win32
		{2D306186-C337-4C97-AC51-160EE4080A43}.Release|x64.ActiveCfg = Release|x64
		{2D306186-C337-4C97-AC51-160EE4080A43}.Release|x64.Build.0 = Release|x64
		{2D306186-C337-4C97-AC51-160EE4080A43}.Release|x86.ActiveCfg = Release|Win32
		{2D306186-C337-4C97-AC51-160EE4080A43}.Release|x86.Build.0 = Release|Win32
		{AAE03520-F913-4628-9397-6592404C4B59}.Debug|x64.ActiveCfg = Debug|x64
		{AAE03520-F913-4628-9397-6592404C4B59}.Debug|x64.Build.0 = Debug|x64
		{AAE03520-F913-4628-9397-6592404C4B59}.Debug|x86.ActiveCfg = Debug|Win32
		{AAE03520-F913-4628-9397-6592404C4B59}.Debug|x86.Build.0 = Debug|Win32
		{AAE03520-F913-4628-9397-6592404C4B59}.Release|x64.ActiveCfg = Release|x64
		{AAE03520-F913-4628-9397-6592404C4B59}.Release|x64.Build.0 = Release|x64
		{AAE03520-F913-4628-9397-6592404C4B59}.Release|x86.ActiveCfg = Release|Win32
		{AAE03520-F913-4628-9397-6592404C4B59}.Release|x86.Build.0 = Release|Win32
	EndGlobalSection
	GlobalSection(SolutionProperties) = preSolution
		HideSolutionNode = FALSE
	EndGlobalSection
EndGlobal
